
Microsoft Visual Studio Solution File, Format Version 12.00
# Visual Studio Version 16
VisualStudioVersion = 16.0.30309.148
MinimumVisualStudioVersion = 10.0.40219.1
Project("{FAE04EC0-301F-11D3-BF4B-00C04F79EFBC}") = "CSharpItertools", "CSharpItertools\CSharpItertools.csproj", "{9CB67392-6DC2-46AC-A966-EC0D25EE5591}"
EndProject
Project("{FAE04EC0-301F-11D3-BF4B-00C04F79EFBC}") = "CSharpItertools.Tests", "CSharpItertools.Tests\CSharpItertools.Tests.csproj", "{911788FC-02AD-4BB9-AECC-D182AB136742}"
EndProject
Global
	GlobalSection(SolutionConfigurationPlatforms) = preSolution
		Debug|Any CPU = Debug|Any CPU
		Release|Any CPU = Release|Any CPU
	EndGlobalSection
	GlobalSection(ProjectConfigurationPlatforms) = postSolution
		{9CB67392-6DC2-46AC-A966-EC0D25EE5591}.Debug|Any CPU.ActiveCfg = Debug|Any CPU
		{9CB67392-6DC2-46AC-A966-EC0D25EE5591}.Debug|Any CPU.Build.0 = Debug|Any CPU
		{9CB67392-6DC2-46AC-A966-EC0D25EE5591}.Release|Any CPU.ActiveCfg = Release|Any CPU
		{9CB67392-6DC2-46AC-A966-EC0D25EE5591}.Release|Any CPU.Build.0 = Release|Any CPU
		{911788FC-02AD-4BB9-AECC-D182AB136742}.Debug|Any CPU.ActiveCfg = Debug|Any CPU
		{911788FC-02AD-4BB9-AECC-D182AB136742}.Debug|Any CPU.Build.0 = Debug|Any CPU
		{911788FC-02AD-4BB9-AECC-D182AB136742}.Release|Any CPU.ActiveCfg = Release|Any CPU
		{911788FC-02AD-4BB9-AECC-D182AB136742}.Release|Any CPU.Build.0 = Release|Any CPU
	EndGlobalSection
	GlobalSection(SolutionProperties) = preSolution
		HideSolutionNode = FALSE
	EndGlobalSection
	GlobalSection(ExtensibilityGlobals) = postSolution
		SolutionGuid = {CE4C62A0-B1DE-4BE3-81D6-4CA0642B6BC8}
	EndGlobalSection
EndGlobal
